<?xml version="1.0" encoding="utf-8"?>
<Project ToolsVersion="4.0" xmlns="http://schemas.microsoft.com/developer/msbuild/2003">
  <ItemGroup>
    <Filter Include="src">
      <UniqueIdentifier>{0189dc08-5fd5-40bc-953f-54e8720c4e03}</UniqueIdentifier>
    </Filter>
    <Filter Include="src\Header Files">
      <UniqueIdentifier>{9a11d50f-1fbb-4e9b-9730-05d61bfd71f2}</UniqueIdentifier>
    </Filter>
    <Filter Include="src\Source Files">
      <UniqueIdentifier>{667bff3b-e318-465a-9bb9-8acb257ba4f9}</UniqueIdentifier>
    </Filter>
    <Filter Include="src\Resource Files">
      <UniqueIdentifier>{80d0f701-9a4f-4885-af2d-f9452365d814}</UniqueIdentifier>
    </Filter>
  </ItemGroup>
  <ItemGroup>
    <ClCompile Include="src\ApiService.cpp">
      <Filter>src\Source Files</Filter>
    </ClCompile>
    <ClCompile Include="src\ChartPanel.cpp">
      <Filter>src\Source Files</Filter>
    </ClCompile>
    <ClCompile Include="src\DatabaseService.cpp">
      <Filter>src\Source Files</Filter>
    </ClCompile>
    <ClCompile Include="src\main.cpp">
      <Filter>src\Source Files</Filter>
    </ClCompile>
    <ClCompile Include="src\MainWindow.cpp">
      <Filter>src\Source Files</Filter>
    </ClCompile>
    <ClCompile Include="src\Utils.cpp">
      <Filter>src\Source Files</Filter>
    </ClCompile>
  </ItemGroup>
  <ItemGroup>
    <ClInclude Include="src\ApiService.h">
      <Filter>src\Header Files</Filter>
    </ClInclude>
    <ClInclude Include="src\ChartPanel.h">
      <Filter>src\Header Files</Filter>
    </ClInclude>
    <ClInclude Include="src\DatabaseService.h">
      <Filter>src\Header Files</Filter>
    </ClInclude>
    <ClInclude Include="src\MainWindow.h">
      <Filter>src\Header Files</Filter>
    </ClInclude>
    <ClInclude Include="src\Models.h">
      <Filter>src\Header Files</Filter>
    </ClInclude>
    <ClInclude Include="src\resource.h">
      <Filter>src\Header Files</Filter>
    </ClInclude>
    <ClInclude Include="src\Utils.h">
      <Filter>src\Header Files</Filter>
    </ClInclude>
  </ItemGroup>
  <ItemGroup>
    <ResourceCompile Include="src\resource.rc">
      <Filter>src\Resource Files</Filter>
    </ResourceCompile>
  </ItemGroup>
</Project>